
Microsoft Visual Studio Solution File, Format Version 12.00
# Visual Studio Version 17
VisualStudioVersion = 17.11.35312.102
MinimumVisualStudioVersion = 10.0.40219.1
Project("{FAE04EC0-301F-11D3-BF4B-00C04F79EFBC}") = "TheorFormalLangComp", "TheorFormalLangComp\TheorFormalLangComp.csproj", "{B16B7B06-207E-40EC-B432-62EE2ECD38CC}"
EndProject
Global
	GlobalSection(SolutionConfigurationPlatforms) = preSolution
		Debug|Any CPU = Debug|Any CPU
		Release|Any CPU = Release|Any CPU
	EndGlobalSection
	GlobalSection(ProjectConfigurationPlatforms) = postSolution
		{B16B7B06-207E-40EC-B432-62EE2ECD38CC}.Debug|Any CPU.ActiveCfg = Debug|Any CPU
		{B16B7B06-207E-40EC-B432-62EE2ECD38CC}.Debug|Any CPU.Build.0 = Debug|Any CPU
		{B16B7B06-207E-40EC-B432-62EE2ECD38CC}.Release|Any CPU.ActiveCfg = Release|Any CPU
		{B16B7B06-207E-40EC-B432-62EE2ECD38CC}.Release|Any CPU.Build.0 = Release|Any CPU
	EndGlobalSection
	GlobalSection(SolutionProperties) = preSolution
		HideSolutionNode = FALSE
	EndGlobalSection
	GlobalSection(ExtensibilityGlobals) = postSolution
		SolutionGuid = {32C9AEE3-3F49-45E0-8BF3-8CD89828EC02}
	EndGlobalSection
EndGlobal
